{
  "name": "saju-mbti",
  "version": "1.0.0",
  "lockfileVersion": 3,
  "requires": true,
  "packages": {
    "": {
      "name": "saju-mbti",
      "version": "1.0.0",
      "dependencies": {
        "tyme4ts": "^1.4.6"
      }
    },
    "node_modules/tyme4ts": {
      "version": "1.4.6",
      "resolved": "https://registry.npmjs.org/tyme4ts/-/tyme4ts-1.4.6.tgz",
      "integrity": "sha512-6uiAlUxS4BNu2FGsKg0KdUr329jJjhnEURhURR8v5GKXnv1B7Z4kAZHjOByhGcCJ+jhuQskR5kmGSvZJ7fE/VA==",
      "license": "MIT"
    }
  }
}
